
Microsoft Visual Studio Solution File, Format Version 12.00
# Visual Studio Version 16
VisualStudioVersion = 16.0.30114.105
MinimumVisualStudioVersion = 10.0.40219.1
Project("{9A19103F-16F7-4668-BE54-9A1E7A4F7556}") = "BlazorNavigationManagerExtensions", "src\BlazorNavigationManagerExtensions\BlazorNavigationManagerExtensions.csproj", "{A7478169-48D8-47D9-9A9E-B6E615E6276D}"
EndProject
Project("{2150E333-8FDC-42A3-9474-1A3956D46DE8}") = "Solution Items", "Solution Items", "{BCE4DB7F-A95F-4ABF-A016-60B93F3EC449}"
	ProjectSection(SolutionItems) = preProject
		.gitignore = .gitignore
		azure-pipelines.yml = azure-pipelines.yml
		README.md = README.md
	EndProjectSection
EndProject
Global
	GlobalSection(SolutionConfigurationPlatforms) = preSolution
		Debug|Any CPU = Debug|Any CPU
		Release|Any CPU = Release|Any CPU
	EndGlobalSection
	GlobalSection(ProjectConfigurationPlatforms) = postSolution
		{A7478169-48D8-47D9-9A9E-B6E615E6276D}.Debug|Any CPU.ActiveCfg = Debug|Any CPU
		{A7478169-48D8-47D9-9A9E-B6E615E6276D}.Debug|Any CPU.Build.0 = Debug|Any CPU
		{A7478169-48D8-47D9-9A9E-B6E615E6276D}.Release|Any CPU.ActiveCfg = Release|Any CPU
		{A7478169-48D8-47D9-9A9E-B6E615E6276D}.Release|Any CPU.Build.0 = Release|Any CPU
	EndGlobalSection
	GlobalSection(SolutionProperties) = preSolution
		HideSolutionNode = FALSE
	EndGlobalSection
	GlobalSection(ExtensibilityGlobals) = postSolution
		SolutionGuid = {55C01996-488F-41B2-8160-234EB7180073}
	EndGlobalSection
EndGlobal
